
Microsoft Visual Studio Solution File, Format Version 12.00
# Visual Studio 15
VisualStudioVersion = 15.0.27703.2047
MinimumVisualStudioVersion = 10.0.40219.1
Project("{FAE04EC0-301F-11D3-BF4B-00C04F79EFBC}") = "AssitantTrackerApp", "AssitantTrackerApp\AssitantTrackerApp.csproj", "{49D7EA01-26E1-444C-BF0E-A27911B223D9}"
EndProject
Project("{FAE04EC0-301F-11D3-BF4B-00C04F79EFBC}") = "AssitantTracker.BLL", "AssitantTrackerBLL\AssitantTracker.BLL.csproj", "{B850D6B9-DFF4-44E6-9603-B2FE810030DC}"
EndProject
Project("{FAE04EC0-301F-11D3-BF4B-00C04F79EFBC}") = "AssistantTrackerView", "AssistantTrackerView\AssistantTrackerView.csproj", "{31255684-40AD-4BCB-8EFC-D2796066326A}"
EndProject
Project("{FAE04EC0-301F-11D3-BF4B-00C04F79EFBC}") = "AssitantTracker.model", "AssitantTracker.model\AssitantTracker.model.csproj", "{71413905-6209-4AE8-B776-5556DE2853D6}"
EndProject
Project("{FAE04EC0-301F-11D3-BF4B-00C04F79EFBC}") = "AssitantTracker.helpers", "AssitantTracker.helpers\AssitantTracker.helpers.csproj", "{5B0FD620-3499-4A8F-8D84-15E2D1259AC9}"
EndProject
Global
	GlobalSection(SolutionConfigurationPlatforms) = preSolution
		Debug|Any CPU = Debug|Any CPU
		Release|Any CPU = Release|Any CPU
	EndGlobalSection
	GlobalSection(ProjectConfigurationPlatforms) = postSolution
		{49D7EA01-26E1-444C-BF0E-A27911B223D9}.Debug|Any CPU.ActiveCfg = Debug|Any CPU
		{49D7EA01-26E1-444C-BF0E-A27911B223D9}.Debug|Any CPU.Build.0 = Debug|Any CPU
		{49D7EA01-26E1-444C-BF0E-A27911B223D9}.Release|Any CPU.ActiveCfg = Release|Any CPU
		{49D7EA01-26E1-444C-BF0E-A27911B223D9}.Release|Any CPU.Build.0 = Release|Any CPU
		{B850D6B9-DFF4-44E6-9603-B2FE810030DC}.Debug|Any CPU.ActiveCfg = Debug|Any CPU
		{B850D6B9-DFF4-44E6-9603-B2FE810030DC}.Debug|Any CPU.Build.0 = Debug|Any CPU
		{B850D6B9-DFF4-44E6-9603-B2FE810030DC}.Release|Any CPU.ActiveCfg = Release|Any CPU
		{B850D6B9-DFF4-44E6-9603-B2FE810030DC}.Release|Any CPU.Build.0 = Release|Any CPU
		{31255684-40AD-4BCB-8EFC-D2796066326A}.Debug|Any CPU.ActiveCfg = Debug|Any CPU
		{31255684-40AD-4BCB-8EFC-D2796066326A}.Debug|Any CPU.Build.0 = Debug|Any CPU
		{31255684-40AD-4BCB-8EFC-D2796066326A}.Release|Any CPU.ActiveCfg = Release|Any CPU
		{31255684-40AD-4BCB-8EFC-D2796066326A}.Release|Any CPU.Build.0 = Release|Any CPU
		{71413905-6209-4AE8-B776-5556DE2853D6}.Debug|Any CPU.ActiveCfg = Debug|Any CPU
		{71413905-6209-4AE8-B776-5556DE2853D6}.Debug|Any CPU.Build.0 = Debug|Any CPU
		{71413905-6209-4AE8-B776-5556DE2853D6}.Release|Any CPU.ActiveCfg = Release|Any CPU
		{71413905-6209-4AE8-B776-5556DE2853D6}.Release|Any CPU.Build.0 = Release|Any CPU
		{5B0FD620-3499-4A8F-8D84-15E2D1259AC9}.Debug|Any CPU.ActiveCfg = Debug|Any CPU
		{5B0FD620-3499-4A8F-8D84-15E2D1259AC9}.Debug|Any CPU.Build.0 = Debug|Any CPU
		{5B0FD620-3499-4A8F-8D84-15E2D1259AC9}.Release|Any CPU.ActiveCfg = Release|Any CPU
		{5B0FD620-3499-4A8F-8D84-15E2D1259AC9}.Release|Any CPU.Build.0 = Release|Any CPU
	EndGlobalSection
	GlobalSection(SolutionProperties) = preSolution
		HideSolutionNode = FALSE
	EndGlobalSection
	GlobalSection(ExtensibilityGlobals) = postSolution
		SolutionGuid = {527808B5-F2E9-4F8D-9ABB-0D3BAD9462B3}
	EndGlobalSection
EndGlobal
