
Microsoft Visual Studio Solution File, Format Version 12.00
# Visual Studio 15
VisualStudioVersion = 15.0.27703.2047
MinimumVisualStudioVersion = 10.0.40219.1
Project("{FAE04EC0-301F-11D3-BF4B-00C04F79EFBC}") = "JCL.Banker.UI", "JCL.Banker.UI\JCL.Banker.UI.csproj", "{A564E3E4-E36C-4A6D-B551-79726D6E610A}"
EndProject
Project("{FAE04EC0-301F-11D3-BF4B-00C04F79EFBC}") = "JCL.Banker.Models", "JCL.Banker.Model\JCL.Banker.Models.csproj", "{4E55626C-3A5F-4043-B42F-0173A69BC936}"
EndProject
Project("{FAE04EC0-301F-11D3-BF4B-00C04F79EFBC}") = "JCL.Banker.Data", "JCL.Banker.Data\JCL.Banker.Data.csproj", "{FF96C1C8-D271-4E48-8FD5-AEF89A9AF4B0}"
EndProject
Project("{FAE04EC0-301F-11D3-BF4B-00C04F79EFBC}") = "JCL.Banker.BLL", "JCL.Banker.BLL\JCL.Banker.BLL.csproj", "{C9456BB5-C2A1-4F52-904B-4277A3797E16}"
EndProject
Project("{FAE04EC0-301F-11D3-BF4B-00C04F79EFBC}") = "JCL.Banker.Tests", "JCL.Banker.Tests\JCL.Banker.Tests.csproj", "{998FF780-2AF8-4040-899E-C96C23D8C7C3}"
EndProject
Global
	GlobalSection(SolutionConfigurationPlatforms) = preSolution
		Debug|Any CPU = Debug|Any CPU
		Release|Any CPU = Release|Any CPU
	EndGlobalSection
	GlobalSection(ProjectConfigurationPlatforms) = postSolution
		{A564E3E4-E36C-4A6D-B551-79726D6E610A}.Debug|Any CPU.ActiveCfg = Debug|Any CPU
		{A564E3E4-E36C-4A6D-B551-79726D6E610A}.Debug|Any CPU.Build.0 = Debug|Any CPU
		{A564E3E4-E36C-4A6D-B551-79726D6E610A}.Release|Any CPU.ActiveCfg = Release|Any CPU
		{A564E3E4-E36C-4A6D-B551-79726D6E610A}.Release|Any CPU.Build.0 = Release|Any CPU
		{4E55626C-3A5F-4043-B42F-0173A69BC936}.Debug|Any CPU.ActiveCfg = Debug|Any CPU
		{4E55626C-3A5F-4043-B42F-0173A69BC936}.Debug|Any CPU.Build.0 = Debug|Any CPU
		{4E55626C-3A5F-4043-B42F-0173A69BC936}.Release|Any CPU.ActiveCfg = Release|Any CPU
		{4E55626C-3A5F-4043-B42F-0173A69BC936}.Release|Any CPU.Build.0 = Release|Any CPU
		{FF96C1C8-D271-4E48-8FD5-AEF89A9AF4B0}.Debug|Any CPU.ActiveCfg = Debug|Any CPU
		{FF96C1C8-D271-4E48-8FD5-AEF89A9AF4B0}.Debug|Any CPU.Build.0 = Debug|Any CPU
		{FF96C1C8-D271-4E48-8FD5-AEF89A9AF4B0}.Release|Any CPU.ActiveCfg = Release|Any CPU
		{FF96C1C8-D271-4E48-8FD5-AEF89A9AF4B0}.Release|Any CPU.Build.0 = Release|Any CPU
		{C9456BB5-C2A1-4F52-904B-4277A3797E16}.Debug|Any CPU.ActiveCfg = Debug|Any CPU
		{C9456BB5-C2A1-4F52-904B-4277A3797E16}.Debug|Any CPU.Build.0 = Debug|Any CPU
		{C9456BB5-C2A1-4F52-904B-4277A3797E16}.Release|Any CPU.ActiveCfg = Release|Any CPU
		{C9456BB5-C2A1-4F52-904B-4277A3797E16}.Release|Any CPU.Build.0 = Release|Any CPU
		{998FF780-2AF8-4040-899E-C96C23D8C7C3}.Debug|Any CPU.ActiveCfg = Debug|Any CPU
		{998FF780-2AF8-4040-899E-C96C23D8C7C3}.Debug|Any CPU.Build.0 = Debug|Any CPU
		{998FF780-2AF8-4040-899E-C96C23D8C7C3}.Release|Any CPU.ActiveCfg = Release|Any CPU
		{998FF780-2AF8-4040-899E-C96C23D8C7C3}.Release|Any CPU.Build.0 = Release|Any CPU
	EndGlobalSection
	GlobalSection(SolutionProperties) = preSolution
		HideSolutionNode = FALSE
	EndGlobalSection
	GlobalSection(ExtensibilityGlobals) = postSolution
		SolutionGuid = {C1FB9E7A-B3CC-43CA-AA2B-41666DB8B041}
	EndGlobalSection
EndGlobal
