
Microsoft Visual Studio Solution File, Format Version 12.00
# Visual Studio 15
VisualStudioVersion = 15.0.27703.2047
MinimumVisualStudioVersion = 10.0.40219.1
Project("{FAE04EC0-301F-11D3-BF4B-00C04F79EFBC}") = "JCL.SendingDataToAspNet", "JCL.SendingDataToAspNet\JCL.SendingDataToAspNet.csproj", "{5D6FD008-416B-4A9C-9C65-4695D0309D06}"
EndProject
Global
	GlobalSection(SolutionConfigurationPlatforms) = preSolution
		Debug|Any CPU = Debug|Any CPU
		Release|Any CPU = Release|Any CPU
	EndGlobalSection
	GlobalSection(ProjectConfigurationPlatforms) = postSolution
		{5D6FD008-416B-4A9C-9C65-4695D0309D06}.Debug|Any CPU.ActiveCfg = Debug|Any CPU
		{5D6FD008-416B-4A9C-9C65-4695D0309D06}.Debug|Any CPU.Build.0 = Debug|Any CPU
		{5D6FD008-416B-4A9C-9C65-4695D0309D06}.Release|Any CPU.ActiveCfg = Release|Any CPU
		{5D6FD008-416B-4A9C-9C65-4695D0309D06}.Release|Any CPU.Build.0 = Release|Any CPU
	EndGlobalSection
	GlobalSection(SolutionProperties) = preSolution
		HideSolutionNode = FALSE
	EndGlobalSection
	GlobalSection(ExtensibilityGlobals) = postSolution
		SolutionGuid = {95EFCF0E-D1B1-479C-B36F-BD3D0A6DB114}
	EndGlobalSection
EndGlobal
