
Microsoft Visual Studio Solution File, Format Version 12.00
# Visual Studio 15
VisualStudioVersion = 15.0.27703.2047
MinimumVisualStudioVersion = 10.0.40219.1
Project("{FAE04EC0-301F-11D3-BF4B-00C04F79EFBC}") = "JCL.BookShelf.UI", "JCL.BookShelf.UI\JCL.BookShelf.UI.csproj", "{30D9CB62-B2DB-4746-86AE-975CB3A10A17}"
EndProject
Project("{9A19103F-16F7-4668-BE54-9A1E7A4F7556}") = "JCL.BookShelf.Tests", "JCL.BookShelf.Tests\JCL.BookShelf.Tests.csproj", "{C306D83C-6D31-444B-AB8E-CFD9BDF9BB31}"
EndProject
Project("{9A19103F-16F7-4668-BE54-9A1E7A4F7556}") = "JCL.BookShelf.BLL", "JCL.BookShelf.BLL\JCL.BookShelf.BLL.csproj", "{76D53629-9214-45FE-8AA6-24A50B3891F1}"
EndProject
Project("{FAE04EC0-301F-11D3-BF4B-00C04F79EFBC}") = "JCL.BookShelf.Models", "JCL.BookShelf.Models\JCL.BookShelf.Models.csproj", "{99E16A5F-DB45-4060-8721-ED69B619FF60}"
EndProject
Project("{FAE04EC0-301F-11D3-BF4B-00C04F79EFBC}") = "JCL.Bookshelf.Data", "JCL.Bookshelf.Data\JCL.Bookshelf.Data.csproj", "{975234A5-0C58-492D-88A5-4AEE7EE0BF77}"
EndProject
Global
	GlobalSection(SolutionConfigurationPlatforms) = preSolution
		Debug|Any CPU = Debug|Any CPU
		Release|Any CPU = Release|Any CPU
	EndGlobalSection
	GlobalSection(ProjectConfigurationPlatforms) = postSolution
		{30D9CB62-B2DB-4746-86AE-975CB3A10A17}.Debug|Any CPU.ActiveCfg = Debug|Any CPU
		{30D9CB62-B2DB-4746-86AE-975CB3A10A17}.Debug|Any CPU.Build.0 = Debug|Any CPU
		{30D9CB62-B2DB-4746-86AE-975CB3A10A17}.Release|Any CPU.ActiveCfg = Release|Any CPU
		{30D9CB62-B2DB-4746-86AE-975CB3A10A17}.Release|Any CPU.Build.0 = Release|Any CPU
		{C306D83C-6D31-444B-AB8E-CFD9BDF9BB31}.Debug|Any CPU.ActiveCfg = Debug|Any CPU
		{C306D83C-6D31-444B-AB8E-CFD9BDF9BB31}.Debug|Any CPU.Build.0 = Debug|Any CPU
		{C306D83C-6D31-444B-AB8E-CFD9BDF9BB31}.Release|Any CPU.ActiveCfg = Release|Any CPU
		{C306D83C-6D31-444B-AB8E-CFD9BDF9BB31}.Release|Any CPU.Build.0 = Release|Any CPU
		{76D53629-9214-45FE-8AA6-24A50B3891F1}.Debug|Any CPU.ActiveCfg = Debug|Any CPU
		{76D53629-9214-45FE-8AA6-24A50B3891F1}.Debug|Any CPU.Build.0 = Debug|Any CPU
		{76D53629-9214-45FE-8AA6-24A50B3891F1}.Release|Any CPU.ActiveCfg = Release|Any CPU
		{76D53629-9214-45FE-8AA6-24A50B3891F1}.Release|Any CPU.Build.0 = Release|Any CPU
		{99E16A5F-DB45-4060-8721-ED69B619FF60}.Debug|Any CPU.ActiveCfg = Debug|Any CPU
		{99E16A5F-DB45-4060-8721-ED69B619FF60}.Debug|Any CPU.Build.0 = Debug|Any CPU
		{99E16A5F-DB45-4060-8721-ED69B619FF60}.Release|Any CPU.ActiveCfg = Release|Any CPU
		{99E16A5F-DB45-4060-8721-ED69B619FF60}.Release|Any CPU.Build.0 = Release|Any CPU
		{975234A5-0C58-492D-88A5-4AEE7EE0BF77}.Debug|Any CPU.ActiveCfg = Debug|Any CPU
		{975234A5-0C58-492D-88A5-4AEE7EE0BF77}.Debug|Any CPU.Build.0 = Debug|Any CPU
		{975234A5-0C58-492D-88A5-4AEE7EE0BF77}.Release|Any CPU.ActiveCfg = Release|Any CPU
		{975234A5-0C58-492D-88A5-4AEE7EE0BF77}.Release|Any CPU.Build.0 = Release|Any CPU
	EndGlobalSection
	GlobalSection(SolutionProperties) = preSolution
		HideSolutionNode = FALSE
	EndGlobalSection
	GlobalSection(ExtensibilityGlobals) = postSolution
		SolutionGuid = {26BF8036-CBAD-4C5C-BEC6-B413056E7FFA}
	EndGlobalSection
EndGlobal
